PODS:
  - MZTimerLabel (0.5.4)
  - STZPopupView (1.2.0)

DEPENDENCIES:
  - MZTimerLabel
  - STZPopupView

SPEC REPOS:
  https://github.com/cocoapods/specs.git:
    - MZTimerLabel
    - STZPopupView

SPEC CHECKSUMS:
  MZTimerLabel: cd9bfb9304540ef2a9e163384fca9c978f0dbf83
  STZPopupView: 7e878b4d1baedd5df339067d305ab0120dc6da62

PODFILE CHECKSUM: d67ec6004b01273f53081061c790238a605d6d7c

COCOAPODS: 1.5.3
